
Microsoft Visual Studio Solution File, Format Version 12.00
# Visual Studio Version 17
VisualStudioVersion = 17.5.002.0
MinimumVisualStudioVersion = 10.0.40219.1
Project("{9A19103F-16F7-4668-BE54-9A1E7A4F7556}") = "AzureFunctionTimerDemo", "AzureFunctionTimerDemo.csproj", "{9BE573AE-D33B-4BD3-9307-0423AEC04308}"
EndProject
Global
	GlobalSection(SolutionConfigurationPlatforms) = preSolution
		Debug|Any CPU = Debug|Any CPU
		Release|Any CPU = Release|Any CPU
	EndGlobalSection
	GlobalSection(ProjectConfigurationPlatforms) = postSolution
		{9BE573AE-D33B-4BD3-9307-0423AEC04308}.Debug|Any CPU.ActiveCfg = Debug|Any CPU
		{9BE573AE-D33B-4BD3-9307-0423AEC04308}.Debug|Any CPU.Build.0 = Debug|Any CPU
		{9BE573AE-D33B-4BD3-9307-0423AEC04308}.Release|Any CPU.ActiveCfg = Release|Any CPU
		{9BE573AE-D33B-4BD3-9307-0423AEC04308}.Release|Any CPU.Build.0 = Release|Any CPU
	EndGlobalSection
	GlobalSection(SolutionProperties) = preSolution
		HideSolutionNode = FALSE
	EndGlobalSection
	GlobalSection(ExtensibilityGlobals) = postSolution
		SolutionGuid = {47BC9E50-6416-4B67-B566-09B534CDFC42}
	EndGlobalSection
EndGlobal
