
Microsoft Visual Studio Solution File, Format Version 12.00
# Visual Studio Version 17
VisualStudioVersion = 17.0.32126.317
MinimumVisualStudioVersion = 10.0.40219.1
Project("{9A19103F-16F7-4668-BE54-9A1E7A4F7556}") = "AzureBlobManagedIdentity", "AzureBlobManagedIdentity\AzureBlobManagedIdentity.csproj", "{F8AC92FD-0867-49B0-81DB-74600437F0F2}"
EndProject
Global
	GlobalSection(SolutionConfigurationPlatforms) = preSolution
		Debug|Any CPU = Debug|Any CPU
		Release|Any CPU = Release|Any CPU
	EndGlobalSection
	GlobalSection(ProjectConfigurationPlatforms) = postSolution
		{F8AC92FD-0867-49B0-81DB-74600437F0F2}.Debug|Any CPU.ActiveCfg = Debug|Any CPU
		{F8AC92FD-0867-49B0-81DB-74600437F0F2}.Debug|Any CPU.Build.0 = Debug|Any CPU
		{F8AC92FD-0867-49B0-81DB-74600437F0F2}.Release|Any CPU.ActiveCfg = Release|Any CPU
		{F8AC92FD-0867-49B0-81DB-74600437F0F2}.Release|Any CPU.Build.0 = Release|Any CPU
	EndGlobalSection
	GlobalSection(SolutionProperties) = preSolution
		HideSolutionNode = FALSE
	EndGlobalSection
	GlobalSection(ExtensibilityGlobals) = postSolution
		SolutionGuid = {3E312472-039B-4154-A4F9-FB9CE660F2C2}
	EndGlobalSection
EndGlobal
