
Microsoft Visual Studio Solution File, Format Version 12.00
# Visual Studio Version 17
VisualStudioVersion = 17.1.32210.238
MinimumVisualStudioVersion = 10.0.40219.1
Project("{FAE04EC0-301F-11D3-BF4B-00C04F79EFBC}") = "CSCIE94-CronWebJob", "CSCIE94-CronWebJob\CSCIE94-CronWebJob.csproj", "{2539D3BB-AB6D-4D51-B785-77B3BEFEBFC0}"
EndProject
Global
	GlobalSection(SolutionConfigurationPlatforms) = preSolution
		Debug|Any CPU = Debug|Any CPU
		Release|Any CPU = Release|Any CPU
	EndGlobalSection
	GlobalSection(ProjectConfigurationPlatforms) = postSolution
		{2539D3BB-AB6D-4D51-B785-77B3BEFEBFC0}.Debug|Any CPU.ActiveCfg = Debug|Any CPU
		{2539D3BB-AB6D-4D51-B785-77B3BEFEBFC0}.Debug|Any CPU.Build.0 = Debug|Any CPU
		{2539D3BB-AB6D-4D51-B785-77B3BEFEBFC0}.Release|Any CPU.ActiveCfg = Release|Any CPU
		{2539D3BB-AB6D-4D51-B785-77B3BEFEBFC0}.Release|Any CPU.Build.0 = Release|Any CPU
	EndGlobalSection
	GlobalSection(SolutionProperties) = preSolution
		HideSolutionNode = FALSE
	EndGlobalSection
	GlobalSection(ExtensibilityGlobals) = postSolution
		SolutionGuid = {B47ED15C-73B2-45D1-8022-9164E736B32C}
	EndGlobalSection
EndGlobal
