
Microsoft Visual Studio Solution File, Format Version 12.00
# Visual Studio Version 17
VisualStudioVersion = 17.0.32014.148
MinimumVisualStudioVersion = 10.0.40219.1
Project("{9A19103F-16F7-4668-BE54-9A1E7A4F7556}") = "WeatherForecastTesting", "WeatherForecastTesting\WeatherForecastTesting.csproj", "{72AA2DA9-AEA2-419F-B64C-0AB3C4D27FC4}"
EndProject
Project("{9A19103F-16F7-4668-BE54-9A1E7A4F7556}") = "FunctionalTests", "FunctionalTests\FunctionalTests.csproj", "{E9E5CE72-F112-423D-8543-6420732F54B7}"
EndProject
Project("{9A19103F-16F7-4668-BE54-9A1E7A4F7556}") = "CommonLib", "CommonLib\CommonLib.csproj", "{FDAAB9BC-BF5F-4184-8A74-DBBCF64C56A9}"
EndProject
Project("{2150E333-8FDC-42A3-9474-1A3956D46DE8}") = "Solution Items", "Solution Items", "{0DDBB33E-B7B3-4B2E-96EF-F4DA9545DA81}"
	ProjectSection(SolutionItems) = preProject
		Sample HTTP Requests\ExampleGETByIdRequest.http = Sample HTTP Requests\ExampleGETByIdRequest.http
		Sample HTTP Requests\ExampleGETRequest.http = Sample HTTP Requests\ExampleGETRequest.http
		Sample HTTP Requests\ExamplePOSTRequest.http = Sample HTTP Requests\ExamplePOSTRequest.http
	EndProjectSection
EndProject
Project("{9A19103F-16F7-4668-BE54-9A1E7A4F7556}") = "ClientApp", "ClientApp\ClientApp.csproj", "{C851308B-E87E-49EC-AF43-97BF9C7C518B}"
EndProject
Global
	GlobalSection(SolutionConfigurationPlatforms) = preSolution
		Debug|Any CPU = Debug|Any CPU
		Release|Any CPU = Release|Any CPU
	EndGlobalSection
	GlobalSection(ProjectConfigurationPlatforms) = postSolution
		{72AA2DA9-AEA2-419F-B64C-0AB3C4D27FC4}.Debug|Any CPU.ActiveCfg = Debug|Any CPU
		{72AA2DA9-AEA2-419F-B64C-0AB3C4D27FC4}.Debug|Any CPU.Build.0 = Debug|Any CPU
		{72AA2DA9-AEA2-419F-B64C-0AB3C4D27FC4}.Release|Any CPU.ActiveCfg = Release|Any CPU
		{72AA2DA9-AEA2-419F-B64C-0AB3C4D27FC4}.Release|Any CPU.Build.0 = Release|Any CPU
		{E9E5CE72-F112-423D-8543-6420732F54B7}.Debug|Any CPU.ActiveCfg = Debug|Any CPU
		{E9E5CE72-F112-423D-8543-6420732F54B7}.Debug|Any CPU.Build.0 = Debug|Any CPU
		{E9E5CE72-F112-423D-8543-6420732F54B7}.Release|Any CPU.ActiveCfg = Release|Any CPU
		{E9E5CE72-F112-423D-8543-6420732F54B7}.Release|Any CPU.Build.0 = Release|Any CPU
		{FDAAB9BC-BF5F-4184-8A74-DBBCF64C56A9}.Debug|Any CPU.ActiveCfg = Debug|Any CPU
		{FDAAB9BC-BF5F-4184-8A74-DBBCF64C56A9}.Debug|Any CPU.Build.0 = Debug|Any CPU
		{FDAAB9BC-BF5F-4184-8A74-DBBCF64C56A9}.Release|Any CPU.ActiveCfg = Release|Any CPU
		{FDAAB9BC-BF5F-4184-8A74-DBBCF64C56A9}.Release|Any CPU.Build.0 = Release|Any CPU
		{C851308B-E87E-49EC-AF43-97BF9C7C518B}.Debug|Any CPU.ActiveCfg = Debug|Any CPU
		{C851308B-E87E-49EC-AF43-97BF9C7C518B}.Debug|Any CPU.Build.0 = Debug|Any CPU
		{C851308B-E87E-49EC-AF43-97BF9C7C518B}.Release|Any CPU.ActiveCfg = Release|Any CPU
		{C851308B-E87E-49EC-AF43-97BF9C7C518B}.Release|Any CPU.Build.0 = Release|Any CPU
	EndGlobalSection
	GlobalSection(SolutionProperties) = preSolution
		HideSolutionNode = FALSE
	EndGlobalSection
	GlobalSection(ExtensibilityGlobals) = postSolution
		SolutionGuid = {56E434D2-A582-4FDD-BEC8-F59EFCA6076C}
	EndGlobalSection
EndGlobal
