
Microsoft Visual Studio Solution File, Format Version 12.00
# Visual Studio Version 17
VisualStudioVersion = 17.1.32210.238
MinimumVisualStudioVersion = 10.0.40219.1
Project("{9A19103F-16F7-4668-BE54-9A1E7A4F7556}") = "AzureTablesDemo2", "AzureTablesDemo2\AzureTablesDemo2.csproj", "{BF605F42-A589-4214-B5B8-E50FBF2FE8A4}"
EndProject
Global
	GlobalSection(SolutionConfigurationPlatforms) = preSolution
		Debug|Any CPU = Debug|Any CPU
		Release|Any CPU = Release|Any CPU
	EndGlobalSection
	GlobalSection(ProjectConfigurationPlatforms) = postSolution
		{BF605F42-A589-4214-B5B8-E50FBF2FE8A4}.Debug|Any CPU.ActiveCfg = Debug|Any CPU
		{BF605F42-A589-4214-B5B8-E50FBF2FE8A4}.Debug|Any CPU.Build.0 = Debug|Any CPU
		{BF605F42-A589-4214-B5B8-E50FBF2FE8A4}.Release|Any CPU.ActiveCfg = Release|Any CPU
		{BF605F42-A589-4214-B5B8-E50FBF2FE8A4}.Release|Any CPU.Build.0 = Release|Any CPU
	EndGlobalSection
	GlobalSection(SolutionProperties) = preSolution
		HideSolutionNode = FALSE
	EndGlobalSection
	GlobalSection(ExtensibilityGlobals) = postSolution
		SolutionGuid = {E179952A-F2DE-4A32-9A69-37F7A99DAC4F}
	EndGlobalSection
EndGlobal
