
Microsoft Visual Studio Solution File, Format Version 12.00
# Visual Studio Version 17
VisualStudioVersion = 17.0.31903.59
MinimumVisualStudioVersion = 10.0.40219.1
Project("{FAE04EC0-301F-11D3-BF4B-00C04F79EFBC}") = "HW4NoteKeeperEx2", "HW4NoteKeeperEx2\HW4NoteKeeperEx2.csproj", "{ECF0A3D8-F201-4DAD-886F-09AD2A1EABA3}"
EndProject
Project("{FAE04EC0-301F-11D3-BF4B-00C04F79EFBC}") = "HW4AzureWebJobEx2", "HW4AzureWebJobEx2\HW4AzureWebJobEx2.csproj", "{0845C180-EA64-4B6E-BB3E-2D87E3D53399}"
EndProject
Global
	GlobalSection(SolutionConfigurationPlatforms) = preSolution
		Debug|Any CPU = Debug|Any CPU
		Release|Any CPU = Release|Any CPU
	EndGlobalSection
	GlobalSection(SolutionProperties) = preSolution
		HideSolutionNode = FALSE
	EndGlobalSection
	GlobalSection(ProjectConfigurationPlatforms) = postSolution
		{ECF0A3D8-F201-4DAD-886F-09AD2A1EABA3}.Debug|Any CPU.ActiveCfg = Debug|Any CPU
		{ECF0A3D8-F201-4DAD-886F-09AD2A1EABA3}.Debug|Any CPU.Build.0 = Debug|Any CPU
		{ECF0A3D8-F201-4DAD-886F-09AD2A1EABA3}.Release|Any CPU.ActiveCfg = Release|Any CPU
		{ECF0A3D8-F201-4DAD-886F-09AD2A1EABA3}.Release|Any CPU.Build.0 = Release|Any CPU
		{0845C180-EA64-4B6E-BB3E-2D87E3D53399}.Debug|Any CPU.ActiveCfg = Debug|Any CPU
		{0845C180-EA64-4B6E-BB3E-2D87E3D53399}.Debug|Any CPU.Build.0 = Debug|Any CPU
		{0845C180-EA64-4B6E-BB3E-2D87E3D53399}.Release|Any CPU.ActiveCfg = Release|Any CPU
		{0845C180-EA64-4B6E-BB3E-2D87E3D53399}.Release|Any CPU.Build.0 = Release|Any CPU
	EndGlobalSection
EndGlobal
